
Microsoft Visual Studio Solution File, Format Version 12.00
# Visual Studio Version 17
VisualStudioVersion = 17.7.34024.191
MinimumVisualStudioVersion = 10.0.40219.1
Project("{FAE04EC0-301F-11D3-BF4B-00C04F79EFBC}") = "CSharp-Labs", "CSharp-Labs\CSharp-Labs.csproj", "{6C93F20B-CAC5-4E67-B858-68594C255F88}"
EndProject
Global
	GlobalSection(SolutionConfigurationPlatforms) = preSolution
		Debug|Any CPU = Debug|Any CPU
		Release|Any CPU = Release|Any CPU
	EndGlobalSection
	GlobalSection(ProjectConfigurationPlatforms) = postSolution
		{6C93F20B-CAC5-4E67-B858-68594C255F88}.Debug|Any CPU.ActiveCfg = Debug|Any CPU
		{6C93F20B-CAC5-4E67-B858-68594C255F88}.Debug|Any CPU.Build.0 = Debug|Any CPU
		{6C93F20B-CAC5-4E67-B858-68594C255F88}.Release|Any CPU.ActiveCfg = Release|Any CPU
		{6C93F20B-CAC5-4E67-B858-68594C255F88}.Release|Any CPU.Build.0 = Release|Any CPU
	EndGlobalSection
	GlobalSection(SolutionProperties) = preSolution
		HideSolutionNode = FALSE
	EndGlobalSection
	GlobalSection(ExtensibilityGlobals) = postSolution
		SolutionGuid = {4DC9C48A-DB1B-4502-B428-121CA3A9F4C9}
	EndGlobalSection
EndGlobal
